
Microsoft Visual Studio Solution File, Format Version 12.00
# Visual Studio 15
VisualStudioVersion = 15.0.28307.645
MinimumVisualStudioVersion = 10.0.40219.1
Project("{FAE04EC0-301F-11D3-BF4B-00C04F79EFBC}") = "Xamarin.Android", "Xamarin\Xamarin.Android\Xamarin.Android.csproj", "{801DC0FD-B3BD-430D-BF1F-7297CBDD07FA}"
EndProject
Project("{FAE04EC0-301F-11D3-BF4B-00C04F79EFBC}") = "Xamarin.iOS", "Xamarin\Xamarin.iOS\Xamarin.iOS.csproj", "{D763D4BD-8840-4046-B64F-2D409F09813D}"
EndProject
Project("{FAE04EC0-301F-11D3-BF4B-00C04F79EFBC}") = "Xamarin", "Xamarin\Xamarin\Xamarin.csproj", "{729EC832-9C9B-42CB-BD31-05FDE3875FA4}"
EndProject
Project("{FAE04EC0-301F-11D3-BF4B-00C04F79EFBC}") = "ApiXamarin", "ApiXamarin\ApiXamarin.csproj", "{609C25A3-2F1A-474E-AE8D-6E0B5F391439}"
EndProject
Global
	GlobalSection(SolutionConfigurationPlatforms) = preSolution
		Ad-Hoc|Any CPU = Ad-Hoc|Any CPU
		Ad-Hoc|iPhone = Ad-Hoc|iPhone
		Ad-Hoc|iPhoneSimulator = Ad-Hoc|iPhoneSimulator
		AppStore|Any CPU = AppStore|Any CPU
		AppStore|iPhone = AppStore|iPhone
		AppStore|iPhoneSimulator = AppStore|iPhoneSimulator
		Debug|Any CPU = Debug|Any CPU
		Debug|iPhone = Debug|iPhone
		Debug|iPhoneSimulator = Debug|iPhoneSimulator
		Release|Any CPU = Release|Any CPU
		Release|iPhone = Release|iPhone
		Release|iPhoneSimulator = Release|iPhoneSimulator
	EndGlobalSection
	GlobalSection(ProjectConfigurationPlatforms) = postSolution
		{801DC0FD-B3BD-430D-BF1F-7297CBDD07FA}.Ad-Hoc|Any CPU.ActiveCfg = Release|Any CPU
		{801DC0FD-B3BD-430D-BF1F-7297CBDD07FA}.Ad-Hoc|Any CPU.Build.0 = Release|Any CPU
		{801DC0FD-B3BD-430D-BF1F-7297CBDD07FA}.Ad-Hoc|Any CPU.Deploy.0 = Release|Any CPU
		{801DC0FD-B3BD-430D-BF1F-7297CBDD07FA}.Ad-Hoc|iPhone.ActiveCfg = Release|Any CPU
		{801DC0FD-B3BD-430D-BF1F-7297CBDD07FA}.Ad-Hoc|iPhone.Build.0 = Release|Any CPU
		{801DC0FD-B3BD-430D-BF1F-7297CBDD07FA}.Ad-Hoc|iPhone.Deploy.0 = Release|Any CPU
		{801DC0FD-B3BD-430D-BF1F-7297CBDD07FA}.Ad-Hoc|iPhoneSimulator.ActiveCfg = Release|Any CPU
		{801DC0FD-B3BD-430D-BF1F-7297CBDD07FA}.Ad-Hoc|iPhoneSimulator.Build.0 = Release|Any CPU
		{801DC0FD-B3BD-430D-BF1F-7297CBDD07FA}.Ad-Hoc|iPhoneSimulator.Deploy.0 = Release|Any CPU
		{801DC0FD-B3BD-430D-BF1F-7297CBDD07FA}.AppStore|Any CPU.ActiveCfg = Release|Any CPU
		{801DC0FD-B3BD-430D-BF1F-7297CBDD07FA}.AppStore|Any CPU.Build.0 = Release|Any CPU
		{801DC0FD-B3BD-430D-BF1F-7297CBDD07FA}.AppStore|Any CPU.Deploy.0 = Release|Any CPU
		{801DC0FD-B3BD-430D-BF1F-7297CBDD07FA}.AppStore|iPhone.ActiveCfg = Release|Any CPU
		{801DC0FD-B3BD-430D-BF1F-7297CBDD07FA}.AppStore|iPhone.Build.0 = Release|Any CPU
		{801DC0FD-B3BD-430D-BF1F-7297CBDD07FA}.AppStore|iPhone.Deploy.0 = Release|Any CPU
		{801DC0FD-B3BD-430D-BF1F-7297CBDD07FA}.AppStore|iPhoneSimulator.ActiveCfg = Release|Any CPU
		{801DC0FD-B3BD-430D-BF1F-7297CBDD07FA}.AppStore|iPhoneSimulator.Build.0 = Release|Any CPU
		{801DC0FD-B3BD-430D-BF1F-7297CBDD07FA}.AppStore|iPhoneSimulator.Deploy.0 = Release|Any CPU
		{801DC0FD-B3BD-430D-BF1F-7297CBDD07FA}.Debug|Any CPU.ActiveCfg = Debug|Any CPU
		{801DC0FD-B3BD-430D-BF1F-7297CBDD07FA}.Debug|Any CPU.Build.0 = Debug|Any CPU
		{801DC0FD-B3BD-430D-BF1F-7297CBDD07FA}.Debug|Any CPU.Deploy.0 = Debug|Any CPU
		{801DC0FD-B3BD-430D-BF1F-7297CBDD07FA}.Debug|iPhone.ActiveCfg = Debug|Any CPU
		{801DC0FD-B3BD-430D-BF1F-7297CBDD07FA}.Debug|iPhone.Build.0 = Debug|Any CPU
		{801DC0FD-B3BD-430D-BF1F-7297CBDD07FA}.Debug|iPhone.Deploy.0 = Debug|Any CPU
		{801DC0FD-B3BD-430D-BF1F-7297CBDD07FA}.Debug|iPhoneSimulator.ActiveCfg = Debug|Any CPU
		{801DC0FD-B3BD-430D-BF1F-7297CBDD07FA}.Debug|iPhoneSimulator.Build.0 = Debug|Any CPU
		{801DC0FD-B3BD-430D-BF1F-7297CBDD07FA}.Debug|iPhoneSimulator.Deploy.0 = Debug|Any CPU
		{801DC0FD-B3BD-430D-BF1F-7297CBDD07FA}.Release|Any CPU.ActiveCfg = Release|Any CPU
		{801DC0FD-B3BD-430D-BF1F-7297CBDD07FA}.Release|Any CPU.Build.0 = Release|Any CPU
		{801DC0FD-B3BD-430D-BF1F-7297CBDD07FA}.Release|Any CPU.Deploy.0 = Release|Any CPU
		{801DC0FD-B3BD-430D-BF1F-7297CBDD07FA}.Release|iPhone.ActiveCfg = Release|Any CPU
		{801DC0FD-B3BD-430D-BF1F-7297CBDD07FA}.Release|iPhone.Build.0 = Release|Any CPU
		{801DC0FD-B3BD-430D-BF1F-7297CBDD07FA}.Release|iPhone.Deploy.0 = Release|Any CPU
		{801DC0FD-B3BD-430D-BF1F-7297CBDD07FA}.Release|iPhoneSimulator.ActiveCfg = Release|Any CPU
		{801DC0FD-B3BD-430D-BF1F-7297CBDD07FA}.Release|iPhoneSimulator.Build.0 = Release|Any CPU
		{801DC0FD-B3BD-430D-BF1F-7297CBDD07FA}.Release|iPhoneSimulator.Deploy.0 = Release|Any CPU
		{D763D4BD-8840-4046-B64F-2D409F09813D}.Ad-Hoc|Any CPU.ActiveCfg = Ad-Hoc|iPhone
		{D763D4BD-8840-4046-B64F-2D409F09813D}.Ad-Hoc|Any CPU.Build.0 = Ad-Hoc|iPhone
		{D763D4BD-8840-4046-B64F-2D409F09813D}.Ad-Hoc|Any CPU.Deploy.0 = Ad-Hoc|iPhone
		{D763D4BD-8840-4046-B64F-2D409F09813D}.Ad-Hoc|iPhone.ActiveCfg = Ad-Hoc|iPhone
		{D763D4BD-8840-4046-B64F-2D409F09813D}.Ad-Hoc|iPhone.Build.0 = Ad-Hoc|iPhone
		{D763D4BD-8840-4046-B64F-2D409F09813D}.Ad-Hoc|iPhone.Deploy.0 = Ad-Hoc|iPhone
		{D763D4BD-8840-4046-B64F-2D409F09813D}.Ad-Hoc|iPhoneSimulator.ActiveCfg = Ad-Hoc|iPhoneSimulator
		{D763D4BD-8840-4046-B64F-2D409F09813D}.Ad-Hoc|iPhoneSimulator.Build.0 = Ad-Hoc|iPhoneSimulator
		{D763D4BD-8840-4046-B64F-2D409F09813D}.Ad-Hoc|iPhoneSimulator.Deploy.0 = Ad-Hoc|iPhoneSimulator
		{D763D4BD-8840-4046-B64F-2D409F09813D}.AppStore|Any CPU.ActiveCfg = AppStore|iPhone
		{D763D4BD-8840-4046-B64F-2D409F09813D}.AppStore|Any CPU.Build.0 = AppStore|iPhone
		{D763D4BD-8840-4046-B64F-2D409F09813D}.AppStore|Any CPU.Deploy.0 = AppStore|iPhone
		{D763D4BD-8840-4046-B64F-2D409F09813D}.AppStore|iPhone.ActiveCfg = AppStore|iPhone
		{D763D4BD-8840-4046-B64F-2D409F09813D}.AppStore|iPhone.Build.0 = AppStore|iPhone
		{D763D4BD-8840-4046-B64F-2D409F09813D}.AppStore|iPhone.Deploy.0 = AppStore|iPhone
		{D763D4BD-8840-4046-B64F-2D409F09813D}.AppStore|iPhoneSimulator.ActiveCfg = AppStore|iPhoneSimulator
		{D763D4BD-8840-4046-B64F-2D409F09813D}.AppStore|iPhoneSimulator.Build.0 = AppStore|iPhoneSimulator
		{D763D4BD-8840-4046-B64F-2D409F09813D}.AppStore|iPhoneSimulator.Deploy.0 = AppStore|iPhoneSimulator
		{D763D4BD-8840-4046-B64F-2D409F09813D}.Debug|Any CPU.ActiveCfg = Debug|iPhoneSimulator
		{D763D4BD-8840-4046-B64F-2D409F09813D}.Debug|Any CPU.Build.0 = Debug|iPhoneSimulator
		{D763D4BD-8840-4046-B64F-2D409F09813D}.Debug|Any CPU.Deploy.0 = Debug|iPhoneSimulator
		{D763D4BD-8840-4046-B64F-2D409F09813D}.Debug|iPhone.ActiveCfg = Debug|iPhone
		{D763D4BD-8840-4046-B64F-2D409F09813D}.Debug|iPhone.Build.0 = Debug|iPhone
		{D763D4BD-8840-4046-B64F-2D409F09813D}.Debug|iPhone.Deploy.0 = Debug|iPhone
		{D763D4BD-8840-4046-B64F-2D409F09813D}.Debug|iPhoneSimulator.ActiveCfg = Debug|iPhoneSimulator
		{D763D4BD-8840-4046-B64F-2D409F09813D}.Debug|iPhoneSimulator.Build.0 = Debug|iPhoneSimulator
		{D763D4BD-8840-4046-B64F-2D409F09813D}.Debug|iPhoneSimulator.Deploy.0 = Debug|iPhoneSimulator
		{D763D4BD-8840-4046-B64F-2D409F09813D}.Release|Any CPU.ActiveCfg = Release|iPhone
		{D763D4BD-8840-4046-B64F-2D409F09813D}.Release|Any CPU.Build.0 = Release|iPhone
		{D763D4BD-8840-4046-B64F-2D409F09813D}.Release|Any CPU.Deploy.0 = Release|iPhone
		{D763D4BD-8840-4046-B64F-2D409F09813D}.Release|iPhone.ActiveCfg = Release|iPhone
		{D763D4BD-8840-4046-B64F-2D409F09813D}.Release|iPhone.Build.0 = Release|iPhone
		{D763D4BD-8840-4046-B64F-2D409F09813D}.Release|iPhone.Deploy.0 = Release|iPhone
		{D763D4BD-8840-4046-B64F-2D409F09813D}.Release|iPhoneSimulator.ActiveCfg = Release|iPhoneSimulator
		{D763D4BD-8840-4046-B64F-2D409F09813D}.Release|iPhoneSimulator.Build.0 = Release|iPhoneSimulator
		{D763D4BD-8840-4046-B64F-2D409F09813D}.Release|iPhoneSimulator.Deploy.0 = Release|iPhoneSimulator
		{729EC832-9C9B-42CB-BD31-05FDE3875FA4}.Ad-Hoc|Any CPU.ActiveCfg = Debug|Any CPU
		{729EC832-9C9B-42CB-BD31-05FDE3875FA4}.Ad-Hoc|Any CPU.Build.0 = Debug|Any CPU
		{729EC832-9C9B-42CB-BD31-05FDE3875FA4}.Ad-Hoc|Any CPU.Deploy.0 = Debug|Any CPU
		{729EC832-9C9B-42CB-BD31-05FDE3875FA4}.Ad-Hoc|iPhone.ActiveCfg = Debug|Any CPU
		{729EC832-9C9B-42CB-BD31-05FDE3875FA4}.Ad-Hoc|iPhone.Build.0 = Debug|Any CPU
		{729EC832-9C9B-42CB-BD31-05FDE3875FA4}.Ad-Hoc|iPhone.Deploy.0 = Debug|Any CPU
		{729EC832-9C9B-42CB-BD31-05FDE3875FA4}.Ad-Hoc|iPhoneSimulator.ActiveCfg = Debug|Any CPU
		{729EC832-9C9B-42CB-BD31-05FDE3875FA4}.Ad-Hoc|iPhoneSimulator.Build.0 = Debug|Any CPU
		{729EC832-9C9B-42CB-BD31-05FDE3875FA4}.Ad-Hoc|iPhoneSimulator.Deploy.0 = Debug|Any CPU
		{729EC832-9C9B-42CB-BD31-05FDE3875FA4}.AppStore|Any CPU.ActiveCfg = Debug|Any CPU
		{729EC832-9C9B-42CB-BD31-05FDE3875FA4}.AppStore|Any CPU.Build.0 = Debug|Any CPU
		{729EC832-9C9B-42CB-BD31-05FDE3875FA4}.AppStore|Any CPU.Deploy.0 = Debug|Any CPU
		{729EC832-9C9B-42CB-BD31-05FDE3875FA4}.AppStore|iPhone.ActiveCfg = Debug|Any CPU
		{729EC832-9C9B-42CB-BD31-05FDE3875FA4}.AppStore|iPhone.Build.0 = Debug|Any CPU
		{729EC832-9C9B-42CB-BD31-05FDE3875FA4}.AppStore|iPhone.Deploy.0 = Debug|Any CPU
		{729EC832-9C9B-42CB-BD31-05FDE3875FA4}.AppStore|iPhoneSimulator.ActiveCfg = Debug|Any CPU
		{729EC832-9C9B-42CB-BD31-05FDE3875FA4}.AppStore|iPhoneSimulator.Build.0 = Debug|Any CPU
		{729EC832-9C9B-42CB-BD31-05FDE3875FA4}.AppStore|iPhoneSimulator.Deploy.0 = Debug|Any CPU
		{729EC832-9C9B-42CB-BD31-05FDE3875FA4}.Debug|Any CPU.ActiveCfg = Debug|Any CPU
		{729EC832-9C9B-42CB-BD31-05FDE3875FA4}.Debug|Any CPU.Build.0 = Debug|Any CPU
		{729EC832-9C9B-42CB-BD31-05FDE3875FA4}.Debug|Any CPU.Deploy.0 = Debug|Any CPU
		{729EC832-9C9B-42CB-BD31-05FDE3875FA4}.Debug|iPhone.ActiveCfg = Debug|Any CPU
		{729EC832-9C9B-42CB-BD31-05FDE3875FA4}.Debug|iPhone.Build.0 = Debug|Any CPU
		{729EC832-9C9B-42CB-BD31-05FDE3875FA4}.Debug|iPhone.Deploy.0 = Debug|Any CPU
		{729EC832-9C9B-42CB-BD31-05FDE3875FA4}.Debug|iPhoneSimulator.ActiveCfg = Debug|Any CPU
		{729EC832-9C9B-42CB-BD31-05FDE3875FA4}.Debug|iPhoneSimulator.Build.0 = Debug|Any CPU
		{729EC832-9C9B-42CB-BD31-05FDE3875FA4}.Debug|iPhoneSimulator.Deploy.0 = Debug|Any CPU
		{729EC832-9C9B-42CB-BD31-05FDE3875FA4}.Release|Any CPU.ActiveCfg = Release|Any CPU
		{729EC832-9C9B-42CB-BD31-05FDE3875FA4}.Release|Any CPU.Build.0 = Release|Any CPU
		{729EC832-9C9B-42CB-BD31-05FDE3875FA4}.Release|Any CPU.Deploy.0 = Release|Any CPU
		{729EC832-9C9B-42CB-BD31-05FDE3875FA4}.Release|iPhone.ActiveCfg = Release|Any CPU
		{729EC832-9C9B-42CB-BD31-05FDE3875FA4}.Release|iPhone.Build.0 = Release|Any CPU
		{729EC832-9C9B-42CB-BD31-05FDE3875FA4}.Release|iPhone.Deploy.0 = Release|Any CPU
		{729EC832-9C9B-42CB-BD31-05FDE3875FA4}.Release|iPhoneSimulator.ActiveCfg = Release|Any CPU
		{729EC832-9C9B-42CB-BD31-05FDE3875FA4}.Release|iPhoneSimulator.Build.0 = Release|Any CPU
		{729EC832-9C9B-42CB-BD31-05FDE3875FA4}.Release|iPhoneSimulator.Deploy.0 = Release|Any CPU
		{609C25A3-2F1A-474E-AE8D-6E0B5F391439}.Ad-Hoc|Any CPU.ActiveCfg = Release|Any CPU
		{609C25A3-2F1A-474E-AE8D-6E0B5F391439}.Ad-Hoc|Any CPU.Build.0 = Release|Any CPU
		{609C25A3-2F1A-474E-AE8D-6E0B5F391439}.Ad-Hoc|iPhone.ActiveCfg = Release|Any CPU
		{609C25A3-2F1A-474E-AE8D-6E0B5F391439}.Ad-Hoc|iPhone.Build.0 = Release|Any CPU
		{609C25A3-2F1A-474E-AE8D-6E0B5F391439}.Ad-Hoc|iPhoneSimulator.ActiveCfg = Release|Any CPU
		{609C25A3-2F1A-474E-AE8D-6E0B5F391439}.Ad-Hoc|iPhoneSimulator.Build.0 = Release|Any CPU
		{609C25A3-2F1A-474E-AE8D-6E0B5F391439}.AppStore|Any CPU.ActiveCfg = Release|Any CPU
		{609C25A3-2F1A-474E-AE8D-6E0B5F391439}.AppStore|Any CPU.Build.0 = Release|Any CPU
		{609C25A3-2F1A-474E-AE8D-6E0B5F391439}.AppStore|iPhone.ActiveCfg = Release|Any CPU
		{609C25A3-2F1A-474E-AE8D-6E0B5F391439}.AppStore|iPhone.Build.0 = Release|Any CPU
		{609C25A3-2F1A-474E-AE8D-6E0B5F391439}.AppStore|iPhoneSimulator.ActiveCfg = Release|Any CPU
		{609C25A3-2F1A-474E-AE8D-6E0B5F391439}.AppStore|iPhoneSimulator.Build.0 = Release|Any CPU
		{609C25A3-2F1A-474E-AE8D-6E0B5F391439}.Debug|Any CPU.ActiveCfg = Debug|Any CPU
		{609C25A3-2F1A-474E-AE8D-6E0B5F391439}.Debug|Any CPU.Build.0 = Debug|Any CPU
		{609C25A3-2F1A-474E-AE8D-6E0B5F391439}.Debug|iPhone.ActiveCfg = Debug|Any CPU
		{609C25A3-2F1A-474E-AE8D-6E0B5F391439}.Debug|iPhone.Build.0 = Debug|Any CPU
		{609C25A3-2F1A-474E-AE8D-6E0B5F391439}.Debug|iPhoneSimulator.ActiveCfg = Debug|Any CPU
		{609C25A3-2F1A-474E-AE8D-6E0B5F391439}.Debug|iPhoneSimulator.Build.0 = Debug|Any CPU
		{609C25A3-2F1A-474E-AE8D-6E0B5F391439}.Release|Any CPU.ActiveCfg = Release|Any CPU
		{609C25A3-2F1A-474E-AE8D-6E0B5F391439}.Release|Any CPU.Build.0 = Release|Any CPU
		{609C25A3-2F1A-474E-AE8D-6E0B5F391439}.Release|iPhone.ActiveCfg = Release|Any CPU
		{609C25A3-2F1A-474E-AE8D-6E0B5F391439}.Release|iPhone.Build.0 = Release|Any CPU
		{609C25A3-2F1A-474E-AE8D-6E0B5F391439}.Release|iPhoneSimulator.ActiveCfg = Release|Any CPU
		{609C25A3-2F1A-474E-AE8D-6E0B5F391439}.Release|iPhoneSimulator.Build.0 = Release|Any CPU
	EndGlobalSection
	GlobalSection(SolutionProperties) = preSolution
		HideSolutionNode = FALSE
	EndGlobalSection
	GlobalSection(ExtensibilityGlobals) = postSolution
		SolutionGuid = {BEF264F3-4217-46DB-9DBB-BC8D34D07D83}
	EndGlobalSection
EndGlobal
